
Microsoft Visual Studio Solution File, Format Version 12.00
# Visual Studio 2013
VisualStudioVersion = 12.0.21005.1
MinimumVisualStudioVersion = 10.0.40219.1
Project("{FAE04EC0-301F-11D3-BF4B-00C04F79EFBC}") = "DataTools", "DataTools\DataTools.csproj", "{70A7251B-DFA6-4115-AAC8-ABB005AC151D}"
EndProject
Project("{FAE04EC0-301F-11D3-BF4B-00C04F79EFBC}") = "DataTools.Test", "DataTools.Test\DataTools.Test.csproj", "{EC8B486F-34CA-4B3C-9E9E-BE13A756A912}"
EndProject
Project("{FAE04EC0-301F-11D3-BF4B-00C04F79EFBC}") = "DataToolUtils", "DataToolUtils\DataToolUtils.csproj", "{BC043893-F730-4EB3-A9A7-240DFECDC6D3}"
EndProject
Project("{2150E333-8FDC-42A3-9474-1A3956D46DE8}") = "Solution Items", "Solution Items", "{E094C2E1-A81C-4BDF-8A48-9910CABA72F1}"
	ProjectSection(SolutionItems) = preProject
		license.txt = license.txt
	EndProjectSection
EndProject
Project("{2150E333-8FDC-42A3-9474-1A3956D46DE8}") = "SQL", "SQL", "{57538BC6-3131-4786-9D88-D0093D173B93}"
	ProjectSection(SolutionItems) = preProject
		SQL\Add keys to tables.sql = SQL\Add keys to tables.sql
		SQL\added all keys to tables - META.sql = SQL\added all keys to tables - META.sql
		SQL\DataDiff_entire_database.sql = SQL\DataDiff_entire_database.sql
		SQL\DataDiff_entire_database_AND_Data.sql = SQL\DataDiff_entire_database_AND_Data.sql
	EndProjectSection
EndProject
Global
	GlobalSection(SolutionConfigurationPlatforms) = preSolution
		Debug|Any CPU = Debug|Any CPU
		Release|Any CPU = Release|Any CPU
	EndGlobalSection
	GlobalSection(ProjectConfigurationPlatforms) = postSolution
		{70A7251B-DFA6-4115-AAC8-ABB005AC151D}.Debug|Any CPU.ActiveCfg = Debug|Any CPU
		{70A7251B-DFA6-4115-AAC8-ABB005AC151D}.Debug|Any CPU.Build.0 = Debug|Any CPU
		{70A7251B-DFA6-4115-AAC8-ABB005AC151D}.Release|Any CPU.ActiveCfg = Release|Any CPU
		{70A7251B-DFA6-4115-AAC8-ABB005AC151D}.Release|Any CPU.Build.0 = Release|Any CPU
		{EC8B486F-34CA-4B3C-9E9E-BE13A756A912}.Debug|Any CPU.ActiveCfg = Debug|Any CPU
		{EC8B486F-34CA-4B3C-9E9E-BE13A756A912}.Debug|Any CPU.Build.0 = Debug|Any CPU
		{EC8B486F-34CA-4B3C-9E9E-BE13A756A912}.Release|Any CPU.ActiveCfg = Release|Any CPU
		{EC8B486F-34CA-4B3C-9E9E-BE13A756A912}.Release|Any CPU.Build.0 = Release|Any CPU
		{BC043893-F730-4EB3-A9A7-240DFECDC6D3}.Debug|Any CPU.ActiveCfg = Debug|Any CPU
		{BC043893-F730-4EB3-A9A7-240DFECDC6D3}.Debug|Any CPU.Build.0 = Debug|Any CPU
		{BC043893-F730-4EB3-A9A7-240DFECDC6D3}.Release|Any CPU.ActiveCfg = Release|Any CPU
		{BC043893-F730-4EB3-A9A7-240DFECDC6D3}.Release|Any CPU.Build.0 = Release|Any CPU
	EndGlobalSection
	GlobalSection(SolutionProperties) = preSolution
		HideSolutionNode = FALSE
	EndGlobalSection
EndGlobal
